PODS:
  - ImageSlideshow (1.9.2):
    - ImageSlideshow/Core (= 1.9.2)
  - ImageSlideshow/Core (1.9.2)
  - ImageSlideshow/Kingfisher (1.9.2):
    - ImageSlideshow/Core
    - Kingfisher (> 3.0)
  - Kingfisher (7.2.3)

DEPENDENCIES:
  - ImageSlideshow
  - ImageSlideshow/Kingfisher

SPEC REPOS:
  trunk:
    - ImageSlideshow
    - Kingfisher

SPEC CHECKSUMS:
  ImageSlideshow: be305b54eaf2b2cfc7a7141c7c734605d44dc07d
  Kingfisher: 8c2cbe0c11ea4d481542895112682a99e058468e

PODFILE CHECKSUM: 15a302be540dbe63ed5b6b205f2fa1a9e59b728e

COCOAPODS: 1.11.2
